# THIS IS AN AUTOGENERATED FILE. DO NOT EDIT THIS FILE DIRECTLY.
# yarn lockfile v1


command-exists@^1.2.8:
  version "1.2.8"
  resolved "https://registry.yarnpkg.com/command-exists/-/command-exists-1.2.8.tgz#715acefdd1223b9c9b37110a149c6392c2852291"
  integrity sha512-PM54PkseWbiiD/mMsbvW351/u+dafwTJ0ye2qB60G1aGQP9j3xK2gmMDc+R34L3nDtx4qMCitXT75mkbkGJDLw==
